
Microsoft Visual Studio Solution File, Format Version 12.00
# Visual Studio Version 16
VisualStudioVersion = 16.0.31727.386
MinimumVisualStudioVersion = 10.0.40219.1
Project("{F184B08F-C81C-45F6-A57F-5ABD9991F28F}") = "Week5", "Week5\Week5.vbproj", "{E23BD067-477A-4696-8ED4-F3AB4A5F989C}"
EndProject
Global
	GlobalSection(SolutionConfigurationPlatforms) = preSolution
		Debug|Any CPU = Debug|Any CPU
		Release|Any CPU = Release|Any CPU
	EndGlobalSection
	GlobalSection(ProjectConfigurationPlatforms) = postSolution
		{E23BD067-477A-4696-8ED4-F3AB4A5F989C}.Debug|Any CPU.ActiveCfg = Debug|Any CPU
		{E23BD067-477A-4696-8ED4-F3AB4A5F989C}.Debug|Any CPU.Build.0 = Debug|Any CPU
		{E23BD067-477A-4696-8ED4-F3AB4A5F989C}.Release|Any CPU.ActiveCfg = Release|Any CPU
		{E23BD067-477A-4696-8ED4-F3AB4A5F989C}.Release|Any CPU.Build.0 = Release|Any CPU
	EndGlobalSection
	GlobalSection(SolutionProperties) = preSolution
		HideSolutionNode = FALSE
	EndGlobalSection
	GlobalSection(ExtensibilityGlobals) = postSolution
		SolutionGuid = {629463F6-C376-45C5-ABD9-75E5D7F6A9D4}
	EndGlobalSection
EndGlobal
